
Microsoft Visual Studio Solution File, Format Version 12.00
# Visual Studio Version 17
VisualStudioVersion = 17.0.32014.148
MinimumVisualStudioVersion = 10.0.40219.1
Project("{FAE04EC0-301F-11D3-BF4B-00C04F79EFBC}") = "CreationModePlugin", "CreationModePlugin\CreationModePlugin.csproj", "{FFD10643-3DCF-4754-9F27-30CE2FE0AF96}"
EndProject
Global
	GlobalSection(SolutionConfigurationPlatforms) = preSolution
		Debug|Any CPU = Debug|Any CPU
		Release|Any CPU = Release|Any CPU
	EndGlobalSection
	GlobalSection(ProjectConfigurationPlatforms) = postSolution
		{FFD10643-3DCF-4754-9F27-30CE2FE0AF96}.Debug|Any CPU.ActiveCfg = Debug|Any CPU
		{FFD10643-3DCF-4754-9F27-30CE2FE0AF96}.Debug|Any CPU.Build.0 = Debug|Any CPU
		{FFD10643-3DCF-4754-9F27-30CE2FE0AF96}.Release|Any CPU.ActiveCfg = Release|Any CPU
		{FFD10643-3DCF-4754-9F27-30CE2FE0AF96}.Release|Any CPU.Build.0 = Release|Any CPU
	EndGlobalSection
	GlobalSection(SolutionProperties) = preSolution
		HideSolutionNode = FALSE
	EndGlobalSection
	GlobalSection(ExtensibilityGlobals) = postSolution
		SolutionGuid = {2819F266-22F3-4FC6-9B11-A8297C7B37F9}
	EndGlobalSection
EndGlobal
